
Microsoft Visual Studio Solution File, Format Version 12.00
# Visual Studio 14
VisualStudioVersion = 14.0.25420.1
MinimumVisualStudioVersion = 10.0.40219.1
Project("{FAE04EC0-301F-11D3-BF4B-00C04F79EFBC}") = "PresentationLayer", "CityInfrastructureManager\PresentationLayer.csproj", "{2F9A60FA-E75B-4FB4-9A9A-999423C5098F}"
EndProject
Project("{FAE04EC0-301F-11D3-BF4B-00C04F79EFBC}") = "Test", "Test\Test.csproj", "{5FD51B95-92E8-4227-BF6B-19C1841AB334}"
EndProject
Project("{FAE04EC0-301F-11D3-BF4B-00C04F79EFBC}") = "DataAccessLayer", "DataAccessLayer\DataAccessLayer.csproj", "{C10F4071-4FC1-4467-9CB4-B63A49D81A4A}"
EndProject
Global
	GlobalSection(SolutionConfigurationPlatforms) = preSolution
		Debug|Any CPU = Debug|Any CPU
		Release|Any CPU = Release|Any CPU
	EndGlobalSection
	GlobalSection(ProjectConfigurationPlatforms) = postSolution
		{2F9A60FA-E75B-4FB4-9A9A-999423C5098F}.Debug|Any CPU.ActiveCfg = Debug|Any CPU
		{2F9A60FA-E75B-4FB4-9A9A-999423C5098F}.Debug|Any CPU.Build.0 = Debug|Any CPU
		{2F9A60FA-E75B-4FB4-9A9A-999423C5098F}.Release|Any CPU.ActiveCfg = Release|Any CPU
		{2F9A60FA-E75B-4FB4-9A9A-999423C5098F}.Release|Any CPU.Build.0 = Release|Any CPU
		{5FD51B95-92E8-4227-BF6B-19C1841AB334}.Debug|Any CPU.ActiveCfg = Debug|Any CPU
		{5FD51B95-92E8-4227-BF6B-19C1841AB334}.Debug|Any CPU.Build.0 = Debug|Any CPU
		{5FD51B95-92E8-4227-BF6B-19C1841AB334}.Release|Any CPU.ActiveCfg = Release|Any CPU
		{5FD51B95-92E8-4227-BF6B-19C1841AB334}.Release|Any CPU.Build.0 = Release|Any CPU
		{C10F4071-4FC1-4467-9CB4-B63A49D81A4A}.Debug|Any CPU.ActiveCfg = Debug|Any CPU
		{C10F4071-4FC1-4467-9CB4-B63A49D81A4A}.Debug|Any CPU.Build.0 = Debug|Any CPU
		{C10F4071-4FC1-4467-9CB4-B63A49D81A4A}.Release|Any CPU.ActiveCfg = Release|Any CPU
		{C10F4071-4FC1-4467-9CB4-B63A49D81A4A}.Release|Any CPU.Build.0 = Release|Any CPU
	EndGlobalSection
	GlobalSection(SolutionProperties) = preSolution
		HideSolutionNode = FALSE
	EndGlobalSection
EndGlobal
